
Microsoft Visual Studio Solution File, Format Version 12.00
# Visual Studio Version 16
VisualStudioVersion = 16.0.31112.23
MinimumVisualStudioVersion = 10.0.40219.1
Project("{FAE04EC0-301F-11D3-BF4B-00C04F79EFBC}") = "TravelCSharp", "TravelCSharp\TravelCSharp.csproj", "{60B38543-5BD9-47FE-97C1-7723ABF4C3D4}"
EndProject
Project("{FAE04EC0-301F-11D3-BF4B-00C04F79EFBC}") = "TravelCSharp.Common", "TravelCSharp.Common\TravelCSharp.Common.csproj", "{FD1EAB03-9841-43A5-A64F-2FAEAB829D98}"
EndProject
Global
	GlobalSection(SolutionConfigurationPlatforms) = preSolution
		Debug|Any CPU = Debug|Any CPU
		Release|Any CPU = Release|Any CPU
	EndGlobalSection
	GlobalSection(ProjectConfigurationPlatforms) = postSolution
		{60B38543-5BD9-47FE-97C1-7723ABF4C3D4}.Debug|Any CPU.ActiveCfg = Debug|Any CPU
		{60B38543-5BD9-47FE-97C1-7723ABF4C3D4}.Debug|Any CPU.Build.0 = Debug|Any CPU
		{60B38543-5BD9-47FE-97C1-7723ABF4C3D4}.Release|Any CPU.ActiveCfg = Release|Any CPU
		{60B38543-5BD9-47FE-97C1-7723ABF4C3D4}.Release|Any CPU.Build.0 = Release|Any CPU
		{FD1EAB03-9841-43A5-A64F-2FAEAB829D98}.Debug|Any CPU.ActiveCfg = Debug|Any CPU
		{FD1EAB03-9841-43A5-A64F-2FAEAB829D98}.Debug|Any CPU.Build.0 = Debug|Any CPU
		{FD1EAB03-9841-43A5-A64F-2FAEAB829D98}.Release|Any CPU.ActiveCfg = Release|Any CPU
		{FD1EAB03-9841-43A5-A64F-2FAEAB829D98}.Release|Any CPU.Build.0 = Release|Any CPU
	EndGlobalSection
	GlobalSection(SolutionProperties) = preSolution
		HideSolutionNode = FALSE
	EndGlobalSection
	GlobalSection(ExtensibilityGlobals) = postSolution
		SolutionGuid = {5EAD5B8A-750B-4CED-9747-C77390BBB4A6}
	EndGlobalSection
EndGlobal
